
Microsoft Visual Studio Solution File, Format Version 12.00
# Visual Studio 2012
Project("{FAE04EC0-301F-11D3-BF4B-00C04F79EFBC}") = "HansKindberg", "HansKindberg\HansKindberg.csproj", "{9EC32668-00C5-4ED4-9FFA-711455182F4D}"
EndProject
Project("{2150E333-8FDC-42A3-9474-1A3956D46DE8}") = "Properties", "Properties", "{70B2BCA9-CC65-4F0E-8AF5-3C939FB06B7C}"
	ProjectSection(SolutionItems) = preProject
		Properties\SolutionInfo.cs = Properties\SolutionInfo.cs
	EndProjectSection
EndProject
Project("{2150E333-8FDC-42A3-9474-1A3956D46DE8}") = ".nuget", ".nuget", "{FEDBFF26-B54D-4D1E-88DA-EC94C473196C}"
	ProjectSection(SolutionItems) = preProject
		.nuget\NuGet.config = .nuget\NuGet.config
		.nuget\NuGet.exe = .nuget\NuGet.exe
		.nuget\NuGet.targets = .nuget\NuGet.targets
	EndProjectSection
EndProject
Project("{FAE04EC0-301F-11D3-BF4B-00C04F79EFBC}") = "HansKindberg.Web", "HansKindberg.Web\HansKindberg.Web.csproj", "{051C140D-E4CB-4E97-A5AB-E957BAFD72BB}"
EndProject
Project("{2150E333-8FDC-42A3-9474-1A3956D46DE8}") = "Solution Items", "Solution Items", "{89C390D0-E6EB-4F5F-86D2-D43EF19203B9}"
	ProjectSection(SolutionItems) = preProject
		HansKindberg.snk = HansKindberg.snk
		README.md = README.md
	EndProjectSection
EndProject
Project("{2150E333-8FDC-42A3-9474-1A3956D46DE8}") = "CodeAnalysis", "CodeAnalysis", "{605700B5-BF4C-40D2-B2AF-62E7CD59C6C9}"
	ProjectSection(SolutionItems) = preProject
		CodeAnalysis\Solution.ruleset = CodeAnalysis\Solution.ruleset
		CodeAnalysis\Solution.Tests.ruleset = CodeAnalysis\Solution.Tests.ruleset
		CodeAnalysis\SolutionDictionary.xml = CodeAnalysis\SolutionDictionary.xml
		CodeAnalysis\SolutionSuppressions.cs = CodeAnalysis\SolutionSuppressions.cs
	EndProjectSection
EndProject
Project("{FAE04EC0-301F-11D3-BF4B-00C04F79EFBC}") = "HansKindberg.Xml", "HansKindberg.Xml\HansKindberg.Xml.csproj", "{F00E8D75-404A-4287-BF42-A8A016D624E3}"
EndProject
Project("{FAE04EC0-301F-11D3-BF4B-00C04F79EFBC}") = "HansKindberg.DirectoryServices", "HansKindberg.DirectoryServices\HansKindberg.DirectoryServices.csproj", "{6F724192-9159-4DE8-83F1-43245781D475}"
EndProject
Project("{FAE04EC0-301F-11D3-BF4B-00C04F79EFBC}") = "HansKindberg.Xml.ShimTests", "HansKindberg.Xml.ShimTests\HansKindberg.Xml.ShimTests.csproj", "{C5E80FE1-FBFE-4FB4-8DF8-CFAAE398BD7E}"
EndProject
Project("{FAE04EC0-301F-11D3-BF4B-00C04F79EFBC}") = "HansKindberg.DirectoryServices.ShimTests", "HansKindberg.DirectoryServices.ShimTests\HansKindberg.DirectoryServices.ShimTests.csproj", "{BC8244C8-DC5A-4681-AC79-8CE35964241C}"
EndProject
Project("{FAE04EC0-301F-11D3-BF4B-00C04F79EFBC}") = "HansKindberg.ShimTests", "HansKindberg.ShimTests\HansKindberg.ShimTests.csproj", "{CA4AE5A7-BE9E-4762-BEA6-527CB93EBFD3}"
EndProject
Project("{FAE04EC0-301F-11D3-BF4B-00C04F79EFBC}") = "HansKindberg.Web.ShimTests", "HansKindberg.Web.ShimTests\HansKindberg.Web.ShimTests.csproj", "{C63360A3-A614-47E3-AA67-7977A50460DE}"
EndProject
Project("{FAE04EC0-301F-11D3-BF4B-00C04F79EFBC}") = "HansKindberg.IntegrationTests", "HansKindberg.IntegrationTests\HansKindberg.IntegrationTests.csproj", "{BC95F192-A13F-463A-8948-A66E53F864BD}"
EndProject
Project("{FAE04EC0-301F-11D3-BF4B-00C04F79EFBC}") = "HansKindberg.Web.IntegrationTests", "HansKindberg.Web.IntegrationTests\HansKindberg.Web.IntegrationTests.csproj", "{6A05301C-18E2-4604-AC25-6213BEB4EC2C}"
EndProject
Project("{FAE04EC0-301F-11D3-BF4B-00C04F79EFBC}") = "HansKindberg.DirectoryServices.IntegrationTests", "HansKindberg.DirectoryServices.IntegrationTests\HansKindberg.DirectoryServices.IntegrationTests.csproj", "{EDE4357F-3CC4-48E4-B26C-2C9B75BA79A5}"
EndProject
Project("{FAE04EC0-301F-11D3-BF4B-00C04F79EFBC}") = "HansKindberg.Xml.IntegrationTests", "HansKindberg.Xml.IntegrationTests\HansKindberg.Xml.IntegrationTests.csproj", "{63390486-9824-4DD0-9A5E-1074E0414F91}"
EndProject
Project("{FAE04EC0-301F-11D3-BF4B-00C04F79EFBC}") = "HansKindberg.Configuration", "HansKindberg.Configuration\HansKindberg.Configuration.csproj", "{93689A20-D134-4D0F-BD01-877624F97586}"
EndProject
Project("{FAE04EC0-301F-11D3-BF4B-00C04F79EFBC}") = "HansKindberg.Configuration.IntegrationTests", "HansKindberg.Configuration.IntegrationTests\HansKindberg.Configuration.IntegrationTests.csproj", "{E5579CF7-A4F8-46DC-B402-6A61CBD7EAE7}"
EndProject
Project("{FAE04EC0-301F-11D3-BF4B-00C04F79EFBC}") = "HansKindberg.Configuration.ShimTests", "HansKindberg.Configuration.ShimTests\HansKindberg.Configuration.ShimTests.csproj", "{2556BF10-A2E1-4FF6-8A83-4D3060D9CB13}"
EndProject
Project("{FAE04EC0-301F-11D3-BF4B-00C04F79EFBC}") = "HansKindberg.Configuration.UnitTests", "HansKindberg.Configuration.UnitTests\HansKindberg.Configuration.UnitTests.csproj", "{CC3AADD8-0F04-4E1A-BB49-4E3F8E952D87}"
EndProject
Project("{FAE04EC0-301F-11D3-BF4B-00C04F79EFBC}") = "HansKindberg.DirectoryServices.UnitTests", "HansKindberg.DirectoryServices.UnitTests\HansKindberg.DirectoryServices.UnitTests.csproj", "{8AF0C463-E60E-4A78-BBDF-690084EBDE0B}"
EndProject
Project("{FAE04EC0-301F-11D3-BF4B-00C04F79EFBC}") = "HansKindberg.UnitTests", "HansKindberg.UnitTests\HansKindberg.UnitTests.csproj", "{0D34101C-EC1A-46A1-92EF-40D84C9FFF32}"
EndProject
Project("{FAE04EC0-301F-11D3-BF4B-00C04F79EFBC}") = "HansKindberg.Web.UnitTests", "HansKindberg.Web.UnitTests\HansKindberg.Web.UnitTests.csproj", "{DBD64A10-7958-40E6-BAF2-51775AF1497E}"
EndProject
Project("{FAE04EC0-301F-11D3-BF4B-00C04F79EFBC}") = "HansKindberg.Xml.UnitTests", "HansKindberg.Xml.UnitTests\HansKindberg.Xml.UnitTests.csproj", "{EC5009C0-2DA7-4300-80BB-15788BB7EC82}"
EndProject
Global
	GlobalSection(SolutionConfigurationPlatforms) = preSolution
		Debug|Any CPU = Debug|Any CPU
		Release|Any CPU = Release|Any CPU
	EndGlobalSection
	GlobalSection(ProjectConfigurationPlatforms) = postSolution
		{9EC32668-00C5-4ED4-9FFA-711455182F4D}.Debug|Any CPU.ActiveCfg = Debug|Any CPU
		{9EC32668-00C5-4ED4-9FFA-711455182F4D}.Debug|Any CPU.Build.0 = Debug|Any CPU
		{9EC32668-00C5-4ED4-9FFA-711455182F4D}.Release|Any CPU.ActiveCfg = Release|Any CPU
		{9EC32668-00C5-4ED4-9FFA-711455182F4D}.Release|Any CPU.Build.0 = Release|Any CPU
		{051C140D-E4CB-4E97-A5AB-E957BAFD72BB}.Debug|Any CPU.ActiveCfg = Debug|Any CPU
		{051C140D-E4CB-4E97-A5AB-E957BAFD72BB}.Debug|Any CPU.Build.0 = Debug|Any CPU
		{051C140D-E4CB-4E97-A5AB-E957BAFD72BB}.Release|Any CPU.ActiveCfg = Release|Any CPU
		{051C140D-E4CB-4E97-A5AB-E957BAFD72BB}.Release|Any CPU.Build.0 = Release|Any CPU
		{F00E8D75-404A-4287-BF42-A8A016D624E3}.Debug|Any CPU.ActiveCfg = Debug|Any CPU
		{F00E8D75-404A-4287-BF42-A8A016D624E3}.Debug|Any CPU.Build.0 = Debug|Any CPU
		{F00E8D75-404A-4287-BF42-A8A016D624E3}.Release|Any CPU.ActiveCfg = Release|Any CPU
		{F00E8D75-404A-4287-BF42-A8A016D624E3}.Release|Any CPU.Build.0 = Release|Any CPU
		{6F724192-9159-4DE8-83F1-43245781D475}.Debug|Any CPU.ActiveCfg = Debug|Any CPU
		{6F724192-9159-4DE8-83F1-43245781D475}.Debug|Any CPU.Build.0 = Debug|Any CPU
		{6F724192-9159-4DE8-83F1-43245781D475}.Release|Any CPU.ActiveCfg = Release|Any CPU
		{6F724192-9159-4DE8-83F1-43245781D475}.Release|Any CPU.Build.0 = Release|Any CPU
		{C5E80FE1-FBFE-4FB4-8DF8-CFAAE398BD7E}.Debug|Any CPU.ActiveCfg = Debug|Any CPU
		{C5E80FE1-FBFE-4FB4-8DF8-CFAAE398BD7E}.Debug|Any CPU.Build.0 = Debug|Any CPU
		{C5E80FE1-FBFE-4FB4-8DF8-CFAAE398BD7E}.Release|Any CPU.ActiveCfg = Release|Any CPU
		{C5E80FE1-FBFE-4FB4-8DF8-CFAAE398BD7E}.Release|Any CPU.Build.0 = Release|Any CPU
		{BC8244C8-DC5A-4681-AC79-8CE35964241C}.Debug|Any CPU.ActiveCfg = Debug|Any CPU
		{BC8244C8-DC5A-4681-AC79-8CE35964241C}.Debug|Any CPU.Build.0 = Debug|Any CPU
		{BC8244C8-DC5A-4681-AC79-8CE35964241C}.Release|Any CPU.ActiveCfg = Release|Any CPU
		{BC8244C8-DC5A-4681-AC79-8CE35964241C}.Release|Any CPU.Build.0 = Release|Any CPU
		{CA4AE5A7-BE9E-4762-BEA6-527CB93EBFD3}.Debug|Any CPU.ActiveCfg = Debug|Any CPU
		{CA4AE5A7-BE9E-4762-BEA6-527CB93EBFD3}.Debug|Any CPU.Build.0 = Debug|Any CPU
		{CA4AE5A7-BE9E-4762-BEA6-527CB93EBFD3}.Release|Any CPU.ActiveCfg = Release|Any CPU
		{CA4AE5A7-BE9E-4762-BEA6-527CB93EBFD3}.Release|Any CPU.Build.0 = Release|Any CPU
		{C63360A3-A614-47E3-AA67-7977A50460DE}.Debug|Any CPU.ActiveCfg = Debug|Any CPU
		{C63360A3-A614-47E3-AA67-7977A50460DE}.Debug|Any CPU.Build.0 = Debug|Any CPU
		{C63360A3-A614-47E3-AA67-7977A50460DE}.Release|Any CPU.ActiveCfg = Release|Any CPU
		{C63360A3-A614-47E3-AA67-7977A50460DE}.Release|Any CPU.Build.0 = Release|Any CPU
		{BC95F192-A13F-463A-8948-A66E53F864BD}.Debug|Any CPU.ActiveCfg = Debug|Any CPU
		{BC95F192-A13F-463A-8948-A66E53F864BD}.Debug|Any CPU.Build.0 = Debug|Any CPU
		{BC95F192-A13F-463A-8948-A66E53F864BD}.Release|Any CPU.ActiveCfg = Release|Any CPU
		{BC95F192-A13F-463A-8948-A66E53F864BD}.Release|Any CPU.Build.0 = Release|Any CPU
		{6A05301C-18E2-4604-AC25-6213BEB4EC2C}.Debug|Any CPU.ActiveCfg = Debug|Any CPU
		{6A05301C-18E2-4604-AC25-6213BEB4EC2C}.Debug|Any CPU.Build.0 = Debug|Any CPU
		{6A05301C-18E2-4604-AC25-6213BEB4EC2C}.Release|Any CPU.ActiveCfg = Release|Any CPU
		{6A05301C-18E2-4604-AC25-6213BEB4EC2C}.Release|Any CPU.Build.0 = Release|Any CPU
		{EDE4357F-3CC4-48E4-B26C-2C9B75BA79A5}.Debug|Any CPU.ActiveCfg = Debug|Any CPU
		{EDE4357F-3CC4-48E4-B26C-2C9B75BA79A5}.Debug|Any CPU.Build.0 = Debug|Any CPU
		{EDE4357F-3CC4-48E4-B26C-2C9B75BA79A5}.Release|Any CPU.ActiveCfg = Release|Any CPU
		{EDE4357F-3CC4-48E4-B26C-2C9B75BA79A5}.Release|Any CPU.Build.0 = Release|Any CPU
		{63390486-9824-4DD0-9A5E-1074E0414F91}.Debug|Any CPU.ActiveCfg = Debug|Any CPU
		{63390486-9824-4DD0-9A5E-1074E0414F91}.Debug|Any CPU.Build.0 = Debug|Any CPU
		{63390486-9824-4DD0-9A5E-1074E0414F91}.Release|Any CPU.ActiveCfg = Release|Any CPU
		{63390486-9824-4DD0-9A5E-1074E0414F91}.Release|Any CPU.Build.0 = Release|Any CPU
		{93689A20-D134-4D0F-BD01-877624F97586}.Debug|Any CPU.ActiveCfg = Debug|Any CPU
		{93689A20-D134-4D0F-BD01-877624F97586}.Debug|Any CPU.Build.0 = Debug|Any CPU
		{93689A20-D134-4D0F-BD01-877624F97586}.Release|Any CPU.ActiveCfg = Release|Any CPU
		{93689A20-D134-4D0F-BD01-877624F97586}.Release|Any CPU.Build.0 = Release|Any CPU
		{E5579CF7-A4F8-46DC-B402-6A61CBD7EAE7}.Debug|Any CPU.ActiveCfg = Debug|Any CPU
		{E5579CF7-A4F8-46DC-B402-6A61CBD7EAE7}.Debug|Any CPU.Build.0 = Debug|Any CPU
		{E5579CF7-A4F8-46DC-B402-6A61CBD7EAE7}.Release|Any CPU.ActiveCfg = Release|Any CPU
		{E5579CF7-A4F8-46DC-B402-6A61CBD7EAE7}.Release|Any CPU.Build.0 = Release|Any CPU
		{2556BF10-A2E1-4FF6-8A83-4D3060D9CB13}.Debug|Any CPU.ActiveCfg = Debug|Any CPU
		{2556BF10-A2E1-4FF6-8A83-4D3060D9CB13}.Debug|Any CPU.Build.0 = Debug|Any CPU
		{2556BF10-A2E1-4FF6-8A83-4D3060D9CB13}.Release|Any CPU.ActiveCfg = Release|Any CPU
		{2556BF10-A2E1-4FF6-8A83-4D3060D9CB13}.Release|Any CPU.Build.0 = Release|Any CPU
		{CC3AADD8-0F04-4E1A-BB49-4E3F8E952D87}.Debug|Any CPU.ActiveCfg = Debug|Any CPU
		{CC3AADD8-0F04-4E1A-BB49-4E3F8E952D87}.Debug|Any CPU.Build.0 = Debug|Any CPU
		{CC3AADD8-0F04-4E1A-BB49-4E3F8E952D87}.Release|Any CPU.ActiveCfg = Release|Any CPU
		{CC3AADD8-0F04-4E1A-BB49-4E3F8E952D87}.Release|Any CPU.Build.0 = Release|Any CPU
		{8AF0C463-E60E-4A78-BBDF-690084EBDE0B}.Debug|Any CPU.ActiveCfg = Debug|Any CPU
		{8AF0C463-E60E-4A78-BBDF-690084EBDE0B}.Debug|Any CPU.Build.0 = Debug|Any CPU
		{8AF0C463-E60E-4A78-BBDF-690084EBDE0B}.Release|Any CPU.ActiveCfg = Release|Any CPU
		{8AF0C463-E60E-4A78-BBDF-690084EBDE0B}.Release|Any CPU.Build.0 = Release|Any CPU
		{0D34101C-EC1A-46A1-92EF-40D84C9FFF32}.Debug|Any CPU.ActiveCfg = Debug|Any CPU
		{0D34101C-EC1A-46A1-92EF-40D84C9FFF32}.Debug|Any CPU.Build.0 = Debug|Any CPU
		{0D34101C-EC1A-46A1-92EF-40D84C9FFF32}.Release|Any CPU.ActiveCfg = Release|Any CPU
		{0D34101C-EC1A-46A1-92EF-40D84C9FFF32}.Release|Any CPU.Build.0 = Release|Any CPU
		{DBD64A10-7958-40E6-BAF2-51775AF1497E}.Debug|Any CPU.ActiveCfg = Debug|Any CPU
		{DBD64A10-7958-40E6-BAF2-51775AF1497E}.Debug|Any CPU.Build.0 = Debug|Any CPU
		{DBD64A10-7958-40E6-BAF2-51775AF1497E}.Release|Any CPU.ActiveCfg = Release|Any CPU
		{DBD64A10-7958-40E6-BAF2-51775AF1497E}.Release|Any CPU.Build.0 = Release|Any CPU
		{EC5009C0-2DA7-4300-80BB-15788BB7EC82}.Debug|Any CPU.ActiveCfg = Debug|Any CPU
		{EC5009C0-2DA7-4300-80BB-15788BB7EC82}.Debug|Any CPU.Build.0 = Debug|Any CPU
		{EC5009C0-2DA7-4300-80BB-15788BB7EC82}.Release|Any CPU.ActiveCfg = Release|Any CPU
		{EC5009C0-2DA7-4300-80BB-15788BB7EC82}.Release|Any CPU.Build.0 = Release|Any CPU
	EndGlobalSection
	GlobalSection(SolutionProperties) = preSolution
		HideSolutionNode = FALSE
	EndGlobalSection
EndGlobal
